
Microsoft Visual Studio Solution File, Format Version 12.00
# Visual Studio 15
VisualStudioVersion = 15.0.26430.6
MinimumVisualStudioVersion = 10.0.40219.1
Project("{FAE04EC0-301F-11D3-BF4B-00C04F79EFBC}") = "SuperPopupSample.Android", "SuperPopupSample\SuperPopupSample.Android\SuperPopupSample.Android.csproj", "{D6766CDF-A310-415F-B6B5-0E4A16599BEA}"
EndProject
Project("{FAE04EC0-301F-11D3-BF4B-00C04F79EFBC}") = "SuperPopupSample", "SuperPopupSample\SuperPopupSample\SuperPopupSample.csproj", "{C79D6D93-C2C5-4456-98F0-84543FACA4D9}"
EndProject
Project("{FAE04EC0-301F-11D3-BF4B-00C04F79EFBC}") = "SuperPopupSample.iOS", "SuperPopupSample\SuperPopupSample.iOS\SuperPopupSample.iOS.csproj", "{EBE8AC80-4D7B-4D04-B38D-522DD83CA27C}"
EndProject
Project("{FAE04EC0-301F-11D3-BF4B-00C04F79EFBC}") = "SuperPopupSample.UWP", "SuperPopupSample\SuperPopupSample.UWP\SuperPopupSample.UWP.csproj", "{3C20725A-0C26-4258-95FB-C3CEE0BD069E}"
EndProject
Project("{FAE04EC0-301F-11D3-BF4B-00C04F79EFBC}") = "SuperPopupSample.Tests", "SuperPopupSample.Tests\SuperPopupSample.Tests.csproj", "{8553040F-7E4D-4108-B3CF-17FEB9FEF13B}"
EndProject
Global
	GlobalSection(SolutionConfigurationPlatforms) = preSolution
		Ad-Hoc|Any CPU = Ad-Hoc|Any CPU
		Ad-Hoc|ARM = Ad-Hoc|ARM
		Ad-Hoc|iPhone = Ad-Hoc|iPhone
		Ad-Hoc|iPhoneSimulator = Ad-Hoc|iPhoneSimulator
		Ad-Hoc|x64 = Ad-Hoc|x64
		Ad-Hoc|x86 = Ad-Hoc|x86
		AppStore|Any CPU = AppStore|Any CPU
		AppStore|ARM = AppStore|ARM
		AppStore|iPhone = AppStore|iPhone
		AppStore|iPhoneSimulator = AppStore|iPhoneSimulator
		AppStore|x64 = AppStore|x64
		AppStore|x86 = AppStore|x86
		Debug|Any CPU = Debug|Any CPU
		Debug|ARM = Debug|ARM
		Debug|iPhone = Debug|iPhone
		Debug|iPhoneSimulator = Debug|iPhoneSimulator
		Debug|x64 = Debug|x64
		Debug|x86 = Debug|x86
		Release|Any CPU = Release|Any CPU
		Release|ARM = Release|ARM
		Release|iPhone = Release|iPhone
		Release|iPhoneSimulator = Release|iPhoneSimulator
		Release|x64 = Release|x64
		Release|x86 = Release|x86
	EndGlobalSection
	GlobalSection(ProjectConfigurationPlatforms) = postSolution
		{D6766CDF-A310-415F-B6B5-0E4A16599BEA}.Ad-Hoc|Any CPU.ActiveCfg = Release|Any CPU
		{D6766CDF-A310-415F-B6B5-0E4A16599BEA}.Ad-Hoc|Any CPU.Build.0 = Release|Any CPU
		{D6766CDF-A310-415F-B6B5-0E4A16599BEA}.Ad-Hoc|Any CPU.Deploy.0 = Release|Any CPU
		{D6766CDF-A310-415F-B6B5-0E4A16599BEA}.Ad-Hoc|ARM.ActiveCfg = Release|Any CPU
		{D6766CDF-A310-415F-B6B5-0E4A16599BEA}.Ad-Hoc|ARM.Build.0 = Release|Any CPU
		{D6766CDF-A310-415F-B6B5-0E4A16599BEA}.Ad-Hoc|ARM.Deploy.0 = Release|Any CPU
		{D6766CDF-A310-415F-B6B5-0E4A16599BEA}.Ad-Hoc|iPhone.ActiveCfg = Release|Any CPU
		{D6766CDF-A310-415F-B6B5-0E4A16599BEA}.Ad-Hoc|iPhone.Build.0 = Release|Any CPU
		{D6766CDF-A310-415F-B6B5-0E4A16599BEA}.Ad-Hoc|iPhone.Deploy.0 = Release|Any CPU
		{D6766CDF-A310-415F-B6B5-0E4A16599BEA}.Ad-Hoc|iPhoneSimulator.ActiveCfg = Release|Any CPU
		{D6766CDF-A310-415F-B6B5-0E4A16599BEA}.Ad-Hoc|iPhoneSimulator.Build.0 = Release|Any CPU
		{D6766CDF-A310-415F-B6B5-0E4A16599BEA}.Ad-Hoc|iPhoneSimulator.Deploy.0 = Release|Any CPU
		{D6766CDF-A310-415F-B6B5-0E4A16599BEA}.Ad-Hoc|x64.ActiveCfg = Release|Any CPU
		{D6766CDF-A310-415F-B6B5-0E4A16599BEA}.Ad-Hoc|x64.Build.0 = Release|Any CPU
		{D6766CDF-A310-415F-B6B5-0E4A16599BEA}.Ad-Hoc|x64.Deploy.0 = Release|Any CPU
		{D6766CDF-A310-415F-B6B5-0E4A16599BEA}.Ad-Hoc|x86.ActiveCfg = Release|Any CPU
		{D6766CDF-A310-415F-B6B5-0E4A16599BEA}.Ad-Hoc|x86.Build.0 = Release|Any CPU
		{D6766CDF-A310-415F-B6B5-0E4A16599BEA}.Ad-Hoc|x86.Deploy.0 = Release|Any CPU
		{D6766CDF-A310-415F-B6B5-0E4A16599BEA}.AppStore|Any CPU.ActiveCfg = Release|Any CPU
		{D6766CDF-A310-415F-B6B5-0E4A16599BEA}.AppStore|Any CPU.Build.0 = Release|Any CPU
		{D6766CDF-A310-415F-B6B5-0E4A16599BEA}.AppStore|Any CPU.Deploy.0 = Release|Any CPU
		{D6766CDF-A310-415F-B6B5-0E4A16599BEA}.AppStore|ARM.ActiveCfg = Release|Any CPU
		{D6766CDF-A310-415F-B6B5-0E4A16599BEA}.AppStore|ARM.Build.0 = Release|Any CPU
		{D6766CDF-A310-415F-B6B5-0E4A16599BEA}.AppStore|ARM.Deploy.0 = Release|Any CPU
		{D6766CDF-A310-415F-B6B5-0E4A16599BEA}.AppStore|iPhone.ActiveCfg = Release|Any CPU
		{D6766CDF-A310-415F-B6B5-0E4A16599BEA}.AppStore|iPhone.Build.0 = Release|Any CPU
		{D6766CDF-A310-415F-B6B5-0E4A16599BEA}.AppStore|iPhone.Deploy.0 = Release|Any CPU
		{D6766CDF-A310-415F-B6B5-0E4A16599BEA}.AppStore|iPhoneSimulator.ActiveCfg = Release|Any CPU
		{D6766CDF-A310-415F-B6B5-0E4A16599BEA}.AppStore|iPhoneSimulator.Build.0 = Release|Any CPU
		{D6766CDF-A310-415F-B6B5-0E4A16599BEA}.AppStore|iPhoneSimulator.Deploy.0 = Release|Any CPU
		{D6766CDF-A310-415F-B6B5-0E4A16599BEA}.AppStore|x64.ActiveCfg = Release|Any CPU
		{D6766CDF-A310-415F-B6B5-0E4A16599BEA}.AppStore|x64.Build.0 = Release|Any CPU
		{D6766CDF-A310-415F-B6B5-0E4A16599BEA}.AppStore|x64.Deploy.0 = Release|Any CPU
		{D6766CDF-A310-415F-B6B5-0E4A16599BEA}.AppStore|x86.ActiveCfg = Release|Any CPU
		{D6766CDF-A310-415F-B6B5-0E4A16599BEA}.AppStore|x86.Build.0 = Release|Any CPU
		{D6766CDF-A310-415F-B6B5-0E4A16599BEA}.AppStore|x86.Deploy.0 = Release|Any CPU
		{D6766CDF-A310-415F-B6B5-0E4A16599BEA}.Debug|Any CPU.ActiveCfg = Debug|Any CPU
		{D6766CDF-A310-415F-B6B5-0E4A16599BEA}.Debug|Any CPU.Build.0 = Debug|Any CPU
		{D6766CDF-A310-415F-B6B5-0E4A16599BEA}.Debug|Any CPU.Deploy.0 = Debug|Any CPU
		{D6766CDF-A310-415F-B6B5-0E4A16599BEA}.Debug|ARM.ActiveCfg = Debug|Any CPU
		{D6766CDF-A310-415F-B6B5-0E4A16599BEA}.Debug|ARM.Build.0 = Debug|Any CPU
		{D6766CDF-A310-415F-B6B5-0E4A16599BEA}.Debug|ARM.Deploy.0 = Debug|Any CPU
		{D6766CDF-A310-415F-B6B5-0E4A16599BEA}.Debug|iPhone.ActiveCfg = Debug|Any CPU
		{D6766CDF-A310-415F-B6B5-0E4A16599BEA}.Debug|iPhone.Build.0 = Debug|Any CPU
		{D6766CDF-A310-415F-B6B5-0E4A16599BEA}.Debug|iPhone.Deploy.0 = Debug|Any CPU
		{D6766CDF-A310-415F-B6B5-0E4A16599BEA}.Debug|iPhoneSimulator.ActiveCfg = Debug|Any CPU
		{D6766CDF-A310-415F-B6B5-0E4A16599BEA}.Debug|x64.ActiveCfg = Debug|Any CPU
		{D6766CDF-A310-415F-B6B5-0E4A16599BEA}.Debug|x64.Build.0 = Debug|Any CPU
		{D6766CDF-A310-415F-B6B5-0E4A16599BEA}.Debug|x64.Deploy.0 = Debug|Any CPU
		{D6766CDF-A310-415F-B6B5-0E4A16599BEA}.Debug|x86.ActiveCfg = Debug|Any CPU
		{D6766CDF-A310-415F-B6B5-0E4A16599BEA}.Release|Any CPU.ActiveCfg = Release|Any CPU
		{D6766CDF-A310-415F-B6B5-0E4A16599BEA}.Release|Any CPU.Build.0 = Release|Any CPU
		{D6766CDF-A310-415F-B6B5-0E4A16599BEA}.Release|Any CPU.Deploy.0 = Release|Any CPU
		{D6766CDF-A310-415F-B6B5-0E4A16599BEA}.Release|ARM.ActiveCfg = Release|Any CPU
		{D6766CDF-A310-415F-B6B5-0E4A16599BEA}.Release|ARM.Build.0 = Release|Any CPU
		{D6766CDF-A310-415F-B6B5-0E4A16599BEA}.Release|ARM.Deploy.0 = Release|Any CPU
		{D6766CDF-A310-415F-B6B5-0E4A16599BEA}.Release|iPhone.ActiveCfg = Release|Any CPU
		{D6766CDF-A310-415F-B6B5-0E4A16599BEA}.Release|iPhone.Build.0 = Release|Any CPU
		{D6766CDF-A310-415F-B6B5-0E4A16599BEA}.Release|iPhone.Deploy.0 = Release|Any CPU
		{D6766CDF-A310-415F-B6B5-0E4A16599BEA}.Release|iPhoneSimulator.ActiveCfg = Release|Any CPU
		{D6766CDF-A310-415F-B6B5-0E4A16599BEA}.Release|iPhoneSimulator.Build.0 = Release|Any CPU
		{D6766CDF-A310-415F-B6B5-0E4A16599BEA}.Release|iPhoneSimulator.Deploy.0 = Release|Any CPU
		{D6766CDF-A310-415F-B6B5-0E4A16599BEA}.Release|x64.ActiveCfg = Release|Any CPU
		{D6766CDF-A310-415F-B6B5-0E4A16599BEA}.Release|x64.Build.0 = Release|Any CPU
		{D6766CDF-A310-415F-B6B5-0E4A16599BEA}.Release|x64.Deploy.0 = Release|Any CPU
		{D6766CDF-A310-415F-B6B5-0E4A16599BEA}.Release|x86.ActiveCfg = Release|Any CPU
		{D6766CDF-A310-415F-B6B5-0E4A16599BEA}.Release|x86.Build.0 = Release|Any CPU
		{D6766CDF-A310-415F-B6B5-0E4A16599BEA}.Release|x86.Deploy.0 = Release|Any CPU
		{C79D6D93-C2C5-4456-98F0-84543FACA4D9}.Ad-Hoc|Any CPU.ActiveCfg = Release|Any CPU
		{C79D6D93-C2C5-4456-98F0-84543FACA4D9}.Ad-Hoc|Any CPU.Build.0 = Release|Any CPU
		{C79D6D93-C2C5-4456-98F0-84543FACA4D9}.Ad-Hoc|ARM.ActiveCfg = Release|Any CPU
		{C79D6D93-C2C5-4456-98F0-84543FACA4D9}.Ad-Hoc|ARM.Build.0 = Release|Any CPU
		{C79D6D93-C2C5-4456-98F0-84543FACA4D9}.Ad-Hoc|iPhone.ActiveCfg = Release|Any CPU
		{C79D6D93-C2C5-4456-98F0-84543FACA4D9}.Ad-Hoc|iPhone.Build.0 = Release|Any CPU
		{C79D6D93-C2C5-4456-98F0-84543FACA4D9}.Ad-Hoc|iPhoneSimulator.ActiveCfg = Release|Any CPU
		{C79D6D93-C2C5-4456-98F0-84543FACA4D9}.Ad-Hoc|iPhoneSimulator.Build.0 = Release|Any CPU
		{C79D6D93-C2C5-4456-98F0-84543FACA4D9}.Ad-Hoc|x64.ActiveCfg = Release|Any CPU
		{C79D6D93-C2C5-4456-98F0-84543FACA4D9}.Ad-Hoc|x64.Build.0 = Release|Any CPU
		{C79D6D93-C2C5-4456-98F0-84543FACA4D9}.Ad-Hoc|x86.ActiveCfg = Release|Any CPU
		{C79D6D93-C2C5-4456-98F0-84543FACA4D9}.Ad-Hoc|x86.Build.0 = Release|Any CPU
		{C79D6D93-C2C5-4456-98F0-84543FACA4D9}.AppStore|Any CPU.ActiveCfg = Release|Any CPU
		{C79D6D93-C2C5-4456-98F0-84543FACA4D9}.AppStore|Any CPU.Build.0 = Release|Any CPU
		{C79D6D93-C2C5-4456-98F0-84543FACA4D9}.AppStore|ARM.ActiveCfg = Release|Any CPU
		{C79D6D93-C2C5-4456-98F0-84543FACA4D9}.AppStore|ARM.Build.0 = Release|Any CPU
		{C79D6D93-C2C5-4456-98F0-84543FACA4D9}.AppStore|iPhone.ActiveCfg = Release|Any CPU
		{C79D6D93-C2C5-4456-98F0-84543FACA4D9}.AppStore|iPhone.Build.0 = Release|Any CPU
		{C79D6D93-C2C5-4456-98F0-84543FACA4D9}.AppStore|iPhoneSimulator.ActiveCfg = Release|Any CPU
		{C79D6D93-C2C5-4456-98F0-84543FACA4D9}.AppStore|iPhoneSimulator.Build.0 = Release|Any CPU
		{C79D6D93-C2C5-4456-98F0-84543FACA4D9}.AppStore|x64.ActiveCfg = Release|Any CPU
		{C79D6D93-C2C5-4456-98F0-84543FACA4D9}.AppStore|x64.Build.0 = Release|Any CPU
		{C79D6D93-C2C5-4456-98F0-84543FACA4D9}.AppStore|x86.ActiveCfg = Release|Any CPU
		{C79D6D93-C2C5-4456-98F0-84543FACA4D9}.AppStore|x86.Build.0 = Release|Any CPU
		{C79D6D93-C2C5-4456-98F0-84543FACA4D9}.Debug|Any CPU.ActiveCfg = Debug|Any CPU
		{C79D6D93-C2C5-4456-98F0-84543FACA4D9}.Debug|Any CPU.Build.0 = Debug|Any CPU
		{C79D6D93-C2C5-4456-98F0-84543FACA4D9}.Debug|ARM.ActiveCfg = Debug|Any CPU
		{C79D6D93-C2C5-4456-98F0-84543FACA4D9}.Debug|ARM.Build.0 = Debug|Any CPU
		{C79D6D93-C2C5-4456-98F0-84543FACA4D9}.Debug|iPhone.ActiveCfg = Debug|Any CPU
		{C79D6D93-C2C5-4456-98F0-84543FACA4D9}.Debug|iPhone.Build.0 = Debug|Any CPU
		{C79D6D93-C2C5-4456-98F0-84543FACA4D9}.Debug|iPhoneSimulator.ActiveCfg = Debug|Any CPU
		{C79D6D93-C2C5-4456-98F0-84543FACA4D9}.Debug|iPhoneSimulator.Build.0 = Debug|Any CPU
		{C79D6D93-C2C5-4456-98F0-84543FACA4D9}.Debug|x64.ActiveCfg = Debug|Any CPU
		{C79D6D93-C2C5-4456-98F0-84543FACA4D9}.Debug|x64.Build.0 = Debug|Any CPU
		{C79D6D93-C2C5-4456-98F0-84543FACA4D9}.Debug|x86.ActiveCfg = Debug|Any CPU
		{C79D6D93-C2C5-4456-98F0-84543FACA4D9}.Debug|x86.Build.0 = Debug|Any CPU
		{C79D6D93-C2C5-4456-98F0-84543FACA4D9}.Release|Any CPU.ActiveCfg = Release|Any CPU
		{C79D6D93-C2C5-4456-98F0-84543FACA4D9}.Release|Any CPU.Build.0 = Release|Any CPU
		{C79D6D93-C2C5-4456-98F0-84543FACA4D9}.Release|ARM.ActiveCfg = Release|Any CPU
		{C79D6D93-C2C5-4456-98F0-84543FACA4D9}.Release|ARM.Build.0 = Release|Any CPU
		{C79D6D93-C2C5-4456-98F0-84543FACA4D9}.Release|iPhone.ActiveCfg = Release|Any CPU
		{C79D6D93-C2C5-4456-98F0-84543FACA4D9}.Release|iPhone.Build.0 = Release|Any CPU
		{C79D6D93-C2C5-4456-98F0-84543FACA4D9}.Release|iPhoneSimulator.ActiveCfg = Release|Any CPU
		{C79D6D93-C2C5-4456-98F0-84543FACA4D9}.Release|iPhoneSimulator.Build.0 = Release|Any CPU
		{C79D6D93-C2C5-4456-98F0-84543FACA4D9}.Release|x64.ActiveCfg = Release|Any CPU
		{C79D6D93-C2C5-4456-98F0-84543FACA4D9}.Release|x64.Build.0 = Release|Any CPU
		{C79D6D93-C2C5-4456-98F0-84543FACA4D9}.Release|x86.ActiveCfg = Release|Any CPU
		{C79D6D93-C2C5-4456-98F0-84543FACA4D9}.Release|x86.Build.0 = Release|Any CPU
		{EBE8AC80-4D7B-4D04-B38D-522DD83CA27C}.Ad-Hoc|Any CPU.ActiveCfg = Ad-Hoc|iPhone
		{EBE8AC80-4D7B-4D04-B38D-522DD83CA27C}.Ad-Hoc|ARM.ActiveCfg = Ad-Hoc|iPhone
		{EBE8AC80-4D7B-4D04-B38D-522DD83CA27C}.Ad-Hoc|iPhone.ActiveCfg = Ad-Hoc|iPhone
		{EBE8AC80-4D7B-4D04-B38D-522DD83CA27C}.Ad-Hoc|iPhone.Build.0 = Ad-Hoc|iPhone
		{EBE8AC80-4D7B-4D04-B38D-522DD83CA27C}.Ad-Hoc|iPhoneSimulator.ActiveCfg = Ad-Hoc|iPhoneSimulator
		{EBE8AC80-4D7B-4D04-B38D-522DD83CA27C}.Ad-Hoc|iPhoneSimulator.Build.0 = Ad-Hoc|iPhoneSimulator
		{EBE8AC80-4D7B-4D04-B38D-522DD83CA27C}.Ad-Hoc|x64.ActiveCfg = Ad-Hoc|iPhone
		{EBE8AC80-4D7B-4D04-B38D-522DD83CA27C}.Ad-Hoc|x86.ActiveCfg = Ad-Hoc|iPhone
		{EBE8AC80-4D7B-4D04-B38D-522DD83CA27C}.AppStore|Any CPU.ActiveCfg = AppStore|iPhone
		{EBE8AC80-4D7B-4D04-B38D-522DD83CA27C}.AppStore|ARM.ActiveCfg = AppStore|iPhone
		{EBE8AC80-4D7B-4D04-B38D-522DD83CA27C}.AppStore|iPhone.ActiveCfg = AppStore|iPhone
		{EBE8AC80-4D7B-4D04-B38D-522DD83CA27C}.AppStore|iPhone.Build.0 = AppStore|iPhone
		{EBE8AC80-4D7B-4D04-B38D-522DD83CA27C}.AppStore|iPhoneSimulator.ActiveCfg = AppStore|iPhoneSimulator
		{EBE8AC80-4D7B-4D04-B38D-522DD83CA27C}.AppStore|iPhoneSimulator.Build.0 = AppStore|iPhoneSimulator
		{EBE8AC80-4D7B-4D04-B38D-522DD83CA27C}.AppStore|x64.ActiveCfg = AppStore|iPhone
		{EBE8AC80-4D7B-4D04-B38D-522DD83CA27C}.AppStore|x86.ActiveCfg = AppStore|iPhone
		{EBE8AC80-4D7B-4D04-B38D-522DD83CA27C}.Debug|Any CPU.ActiveCfg = Debug|iPhone
		{EBE8AC80-4D7B-4D04-B38D-522DD83CA27C}.Debug|ARM.ActiveCfg = Debug|iPhone
		{EBE8AC80-4D7B-4D04-B38D-522DD83CA27C}.Debug|iPhone.ActiveCfg = Debug|iPhone
		{EBE8AC80-4D7B-4D04-B38D-522DD83CA27C}.Debug|iPhone.Build.0 = Debug|iPhone
		{EBE8AC80-4D7B-4D04-B38D-522DD83CA27C}.Debug|iPhoneSimulator.ActiveCfg = Debug|iPhoneSimulator
		{EBE8AC80-4D7B-4D04-B38D-522DD83CA27C}.Debug|iPhoneSimulator.Build.0 = Debug|iPhoneSimulator
		{EBE8AC80-4D7B-4D04-B38D-522DD83CA27C}.Debug|x64.ActiveCfg = Debug|iPhone
		{EBE8AC80-4D7B-4D04-B38D-522DD83CA27C}.Debug|x86.ActiveCfg = Debug|iPhone
		{EBE8AC80-4D7B-4D04-B38D-522DD83CA27C}.Release|Any CPU.ActiveCfg = Release|iPhone
		{EBE8AC80-4D7B-4D04-B38D-522DD83CA27C}.Release|ARM.ActiveCfg = Release|iPhone
		{EBE8AC80-4D7B-4D04-B38D-522DD83CA27C}.Release|iPhone.ActiveCfg = Release|iPhone
		{EBE8AC80-4D7B-4D04-B38D-522DD83CA27C}.Release|iPhone.Build.0 = Release|iPhone
		{EBE8AC80-4D7B-4D04-B38D-522DD83CA27C}.Release|iPhoneSimulator.ActiveCfg = Release|iPhoneSimulator
		{EBE8AC80-4D7B-4D04-B38D-522DD83CA27C}.Release|iPhoneSimulator.Build.0 = Release|iPhoneSimulator
		{EBE8AC80-4D7B-4D04-B38D-522DD83CA27C}.Release|x64.ActiveCfg = Release|iPhone
		{EBE8AC80-4D7B-4D04-B38D-522DD83CA27C}.Release|x86.ActiveCfg = Release|iPhone
		{3C20725A-0C26-4258-95FB-C3CEE0BD069E}.Ad-Hoc|Any CPU.ActiveCfg = Release|x64
		{3C20725A-0C26-4258-95FB-C3CEE0BD069E}.Ad-Hoc|Any CPU.Build.0 = Release|x64
		{3C20725A-0C26-4258-95FB-C3CEE0BD069E}.Ad-Hoc|Any CPU.Deploy.0 = Release|x64
		{3C20725A-0C26-4258-95FB-C3CEE0BD069E}.Ad-Hoc|ARM.ActiveCfg = Release|ARM
		{3C20725A-0C26-4258-95FB-C3CEE0BD069E}.Ad-Hoc|ARM.Build.0 = Release|ARM
		{3C20725A-0C26-4258-95FB-C3CEE0BD069E}.Ad-Hoc|ARM.Deploy.0 = Release|ARM
		{3C20725A-0C26-4258-95FB-C3CEE0BD069E}.Ad-Hoc|iPhone.ActiveCfg = Release|x64
		{3C20725A-0C26-4258-95FB-C3CEE0BD069E}.Ad-Hoc|iPhone.Build.0 = Release|x64
		{3C20725A-0C26-4258-95FB-C3CEE0BD069E}.Ad-Hoc|iPhone.Deploy.0 = Release|x64
		{3C20725A-0C26-4258-95FB-C3CEE0BD069E}.Ad-Hoc|iPhoneSimulator.ActiveCfg = Release|x64
		{3C20725A-0C26-4258-95FB-C3CEE0BD069E}.Ad-Hoc|iPhoneSimulator.Build.0 = Release|x64
		{3C20725A-0C26-4258-95FB-C3CEE0BD069E}.Ad-Hoc|iPhoneSimulator.Deploy.0 = Release|x64
		{3C20725A-0C26-4258-95FB-C3CEE0BD069E}.Ad-Hoc|x64.ActiveCfg = Release|x64
		{3C20725A-0C26-4258-95FB-C3CEE0BD069E}.Ad-Hoc|x64.Build.0 = Release|x64
		{3C20725A-0C26-4258-95FB-C3CEE0BD069E}.Ad-Hoc|x64.Deploy.0 = Release|x64
		{3C20725A-0C26-4258-95FB-C3CEE0BD069E}.Ad-Hoc|x86.ActiveCfg = Release|x86
		{3C20725A-0C26-4258-95FB-C3CEE0BD069E}.Ad-Hoc|x86.Build.0 = Release|x86
		{3C20725A-0C26-4258-95FB-C3CEE0BD069E}.Ad-Hoc|x86.Deploy.0 = Release|x86
		{3C20725A-0C26-4258-95FB-C3CEE0BD069E}.AppStore|Any CPU.ActiveCfg = Release|x64
		{3C20725A-0C26-4258-95FB-C3CEE0BD069E}.AppStore|Any CPU.Build.0 = Release|x64
		{3C20725A-0C26-4258-95FB-C3CEE0BD069E}.AppStore|Any CPU.Deploy.0 = Release|x64
		{3C20725A-0C26-4258-95FB-C3CEE0BD069E}.AppStore|ARM.ActiveCfg = Release|ARM
		{3C20725A-0C26-4258-95FB-C3CEE0BD069E}.AppStore|ARM.Build.0 = Release|ARM
		{3C20725A-0C26-4258-95FB-C3CEE0BD069E}.AppStore|ARM.Deploy.0 = Release|ARM
		{3C20725A-0C26-4258-95FB-C3CEE0BD069E}.AppStore|iPhone.ActiveCfg = Release|x64
		{3C20725A-0C26-4258-95FB-C3CEE0BD069E}.AppStore|iPhone.Build.0 = Release|x64
		{3C20725A-0C26-4258-95FB-C3CEE0BD069E}.AppStore|iPhone.Deploy.0 = Release|x64
		{3C20725A-0C26-4258-95FB-C3CEE0BD069E}.AppStore|iPhoneSimulator.ActiveCfg = Release|x64
		{3C20725A-0C26-4258-95FB-C3CEE0BD069E}.AppStore|iPhoneSimulator.Build.0 = Release|x64
		{3C20725A-0C26-4258-95FB-C3CEE0BD069E}.AppStore|iPhoneSimulator.Deploy.0 = Release|x64
		{3C20725A-0C26-4258-95FB-C3CEE0BD069E}.AppStore|x64.ActiveCfg = Release|x64
		{3C20725A-0C26-4258-95FB-C3CEE0BD069E}.AppStore|x64.Build.0 = Release|x64
		{3C20725A-0C26-4258-95FB-C3CEE0BD069E}.AppStore|x64.Deploy.0 = Release|x64
		{3C20725A-0C26-4258-95FB-C3CEE0BD069E}.AppStore|x86.ActiveCfg = Release|x86
		{3C20725A-0C26-4258-95FB-C3CEE0BD069E}.AppStore|x86.Build.0 = Release|x86
		{3C20725A-0C26-4258-95FB-C3CEE0BD069E}.AppStore|x86.Deploy.0 = Release|x86
		{3C20725A-0C26-4258-95FB-C3CEE0BD069E}.Debug|Any CPU.ActiveCfg = Debug|x86
		{3C20725A-0C26-4258-95FB-C3CEE0BD069E}.Debug|Any CPU.Build.0 = Debug|x86
		{3C20725A-0C26-4258-95FB-C3CEE0BD069E}.Debug|Any CPU.Deploy.0 = Debug|x86
		{3C20725A-0C26-4258-95FB-C3CEE0BD069E}.Debug|ARM.ActiveCfg = Debug|ARM
		{3C20725A-0C26-4258-95FB-C3CEE0BD069E}.Debug|ARM.Build.0 = Debug|ARM
		{3C20725A-0C26-4258-95FB-C3CEE0BD069E}.Debug|ARM.Deploy.0 = Debug|ARM
		{3C20725A-0C26-4258-95FB-C3CEE0BD069E}.Debug|iPhone.ActiveCfg = Debug|x86
		{3C20725A-0C26-4258-95FB-C3CEE0BD069E}.Debug|iPhoneSimulator.ActiveCfg = Debug|x86
		{3C20725A-0C26-4258-95FB-C3CEE0BD069E}.Debug|x64.ActiveCfg = Debug|x64
		{3C20725A-0C26-4258-95FB-C3CEE0BD069E}.Debug|x64.Build.0 = Debug|x64
		{3C20725A-0C26-4258-95FB-C3CEE0BD069E}.Debug|x64.Deploy.0 = Debug|x64
		{3C20725A-0C26-4258-95FB-C3CEE0BD069E}.Debug|x86.ActiveCfg = Debug|x86
		{3C20725A-0C26-4258-95FB-C3CEE0BD069E}.Debug|x86.Build.0 = Debug|x86
		{3C20725A-0C26-4258-95FB-C3CEE0BD069E}.Debug|x86.Deploy.0 = Debug|x86
		{3C20725A-0C26-4258-95FB-C3CEE0BD069E}.Release|Any CPU.ActiveCfg = Release|x86
		{3C20725A-0C26-4258-95FB-C3CEE0BD069E}.Release|ARM.ActiveCfg = Release|ARM
		{3C20725A-0C26-4258-95FB-C3CEE0BD069E}.Release|ARM.Build.0 = Release|ARM
		{3C20725A-0C26-4258-95FB-C3CEE0BD069E}.Release|ARM.Deploy.0 = Release|ARM
		{3C20725A-0C26-4258-95FB-C3CEE0BD069E}.Release|iPhone.ActiveCfg = Release|x86
		{3C20725A-0C26-4258-95FB-C3CEE0BD069E}.Release|iPhoneSimulator.ActiveCfg = Release|x86
		{3C20725A-0C26-4258-95FB-C3CEE0BD069E}.Release|x64.ActiveCfg = Release|x64
		{3C20725A-0C26-4258-95FB-C3CEE0BD069E}.Release|x64.Build.0 = Release|x64
		{3C20725A-0C26-4258-95FB-C3CEE0BD069E}.Release|x64.Deploy.0 = Release|x64
		{3C20725A-0C26-4258-95FB-C3CEE0BD069E}.Release|x86.ActiveCfg = Release|x86
		{3C20725A-0C26-4258-95FB-C3CEE0BD069E}.Release|x86.Build.0 = Release|x86
		{3C20725A-0C26-4258-95FB-C3CEE0BD069E}.Release|x86.Deploy.0 = Release|x86
		{8553040F-7E4D-4108-B3CF-17FEB9FEF13B}.Ad-Hoc|Any CPU.ActiveCfg = Release|Any CPU
		{8553040F-7E4D-4108-B3CF-17FEB9FEF13B}.Ad-Hoc|Any CPU.Build.0 = Release|Any CPU
		{8553040F-7E4D-4108-B3CF-17FEB9FEF13B}.Ad-Hoc|ARM.ActiveCfg = Release|Any CPU
		{8553040F-7E4D-4108-B3CF-17FEB9FEF13B}.Ad-Hoc|ARM.Build.0 = Release|Any CPU
		{8553040F-7E4D-4108-B3CF-17FEB9FEF13B}.Ad-Hoc|iPhone.ActiveCfg = Release|Any CPU
		{8553040F-7E4D-4108-B3CF-17FEB9FEF13B}.Ad-Hoc|iPhone.Build.0 = Release|Any CPU
		{8553040F-7E4D-4108-B3CF-17FEB9FEF13B}.Ad-Hoc|iPhoneSimulator.ActiveCfg = Release|Any CPU
		{8553040F-7E4D-4108-B3CF-17FEB9FEF13B}.Ad-Hoc|iPhoneSimulator.Build.0 = Release|Any CPU
		{8553040F-7E4D-4108-B3CF-17FEB9FEF13B}.Ad-Hoc|x64.ActiveCfg = Release|Any CPU
		{8553040F-7E4D-4108-B3CF-17FEB9FEF13B}.Ad-Hoc|x64.Build.0 = Release|Any CPU
		{8553040F-7E4D-4108-B3CF-17FEB9FEF13B}.Ad-Hoc|x86.ActiveCfg = Release|Any CPU
		{8553040F-7E4D-4108-B3CF-17FEB9FEF13B}.Ad-Hoc|x86.Build.0 = Release|Any CPU
		{8553040F-7E4D-4108-B3CF-17FEB9FEF13B}.AppStore|Any CPU.ActiveCfg = Release|Any CPU
		{8553040F-7E4D-4108-B3CF-17FEB9FEF13B}.AppStore|Any CPU.Build.0 = Release|Any CPU
		{8553040F-7E4D-4108-B3CF-17FEB9FEF13B}.AppStore|ARM.ActiveCfg = Release|Any CPU
		{8553040F-7E4D-4108-B3CF-17FEB9FEF13B}.AppStore|ARM.Build.0 = Release|Any CPU
		{8553040F-7E4D-4108-B3CF-17FEB9FEF13B}.AppStore|iPhone.ActiveCfg = Release|Any CPU
		{8553040F-7E4D-4108-B3CF-17FEB9FEF13B}.AppStore|iPhone.Build.0 = Release|Any CPU
		{8553040F-7E4D-4108-B3CF-17FEB9FEF13B}.AppStore|iPhoneSimulator.ActiveCfg = Release|Any CPU
		{8553040F-7E4D-4108-B3CF-17FEB9FEF13B}.AppStore|iPhoneSimulator.Build.0 = Release|Any CPU
		{8553040F-7E4D-4108-B3CF-17FEB9FEF13B}.AppStore|x64.ActiveCfg = Release|Any CPU
		{8553040F-7E4D-4108-B3CF-17FEB9FEF13B}.AppStore|x64.Build.0 = Release|Any CPU
		{8553040F-7E4D-4108-B3CF-17FEB9FEF13B}.AppStore|x86.ActiveCfg = Release|Any CPU
		{8553040F-7E4D-4108-B3CF-17FEB9FEF13B}.AppStore|x86.Build.0 = Release|Any CPU
		{8553040F-7E4D-4108-B3CF-17FEB9FEF13B}.Debug|Any CPU.ActiveCfg = Debug|Any CPU
		{8553040F-7E4D-4108-B3CF-17FEB9FEF13B}.Debug|Any CPU.Build.0 = Debug|Any CPU
		{8553040F-7E4D-4108-B3CF-17FEB9FEF13B}.Debug|ARM.ActiveCfg = Debug|Any CPU
		{8553040F-7E4D-4108-B3CF-17FEB9FEF13B}.Debug|ARM.Build.0 = Debug|Any CPU
		{8553040F-7E4D-4108-B3CF-17FEB9FEF13B}.Debug|iPhone.ActiveCfg = Debug|Any CPU
		{8553040F-7E4D-4108-B3CF-17FEB9FEF13B}.Debug|iPhone.Build.0 = Debug|Any CPU
		{8553040F-7E4D-4108-B3CF-17FEB9FEF13B}.Debug|iPhoneSimulator.ActiveCfg = Debug|Any CPU
		{8553040F-7E4D-4108-B3CF-17FEB9FEF13B}.Debug|iPhoneSimulator.Build.0 = Debug|Any CPU
		{8553040F-7E4D-4108-B3CF-17FEB9FEF13B}.Debug|x64.ActiveCfg = Debug|Any CPU
		{8553040F-7E4D-4108-B3CF-17FEB9FEF13B}.Debug|x64.Build.0 = Debug|Any CPU
		{8553040F-7E4D-4108-B3CF-17FEB9FEF13B}.Debug|x86.ActiveCfg = Debug|Any CPU
		{8553040F-7E4D-4108-B3CF-17FEB9FEF13B}.Debug|x86.Build.0 = Debug|Any CPU
		{8553040F-7E4D-4108-B3CF-17FEB9FEF13B}.Release|Any CPU.ActiveCfg = Release|Any CPU
		{8553040F-7E4D-4108-B3CF-17FEB9FEF13B}.Release|Any CPU.Build.0 = Release|Any CPU
		{8553040F-7E4D-4108-B3CF-17FEB9FEF13B}.Release|ARM.ActiveCfg = Release|Any CPU
		{8553040F-7E4D-4108-B3CF-17FEB9FEF13B}.Release|ARM.Build.0 = Release|Any CPU
		{8553040F-7E4D-4108-B3CF-17FEB9FEF13B}.Release|iPhone.ActiveCfg = Release|Any CPU
		{8553040F-7E4D-4108-B3CF-17FEB9FEF13B}.Release|iPhone.Build.0 = Release|Any CPU
		{8553040F-7E4D-4108-B3CF-17FEB9FEF13B}.Release|iPhoneSimulator.ActiveCfg = Release|Any CPU
		{8553040F-7E4D-4108-B3CF-17FEB9FEF13B}.Release|iPhoneSimulator.Build.0 = Release|Any CPU
		{8553040F-7E4D-4108-B3CF-17FEB9FEF13B}.Release|x64.ActiveCfg = Release|Any CPU
		{8553040F-7E4D-4108-B3CF-17FEB9FEF13B}.Release|x64.Build.0 = Release|Any CPU
		{8553040F-7E4D-4108-B3CF-17FEB9FEF13B}.Release|x86.ActiveCfg = Release|Any CPU
		{8553040F-7E4D-4108-B3CF-17FEB9FEF13B}.Release|x86.Build.0 = Release|Any CPU
	EndGlobalSection
	GlobalSection(SolutionProperties) = preSolution
		HideSolutionNode = FALSE
	EndGlobalSection
EndGlobal
